
Microsoft Visual Studio Solution File, Format Version 12.00
# Visual Studio 15
VisualStudioVersion = 15.0.27703.2026
MinimumVisualStudioVersion = 10.0.40219.1
Project("{FAE04EC0-301F-11D3-BF4B-00C04F79EFBC}") = "SensorAPI", "SensorAPI\SensorAPI.csproj", "{EC68CCF0-201B-47F2-B35F-15E26DA0012D}"
EndProject
Global
	GlobalSection(SolutionConfigurationPlatforms) = preSolution
		Debug|Any CPU = Debug|Any CPU
		Release|Any CPU = Release|Any CPU
	EndGlobalSection
	GlobalSection(ProjectConfigurationPlatforms) = postSolution
		{EC68CCF0-201B-47F2-B35F-15E26DA0012D}.Debug|Any CPU.ActiveCfg = Debug|Any CPU
		{EC68CCF0-201B-47F2-B35F-15E26DA0012D}.Debug|Any CPU.Build.0 = Debug|Any CPU
		{EC68CCF0-201B-47F2-B35F-15E26DA0012D}.Release|Any CPU.ActiveCfg = Release|Any CPU
		{EC68CCF0-201B-47F2-B35F-15E26DA0012D}.Release|Any CPU.Build.0 = Release|Any CPU
	EndGlobalSection
	GlobalSection(SolutionProperties) = preSolution
		HideSolutionNode = FALSE
	EndGlobalSection
	GlobalSection(ExtensibilityGlobals) = postSolution
		SolutionGuid = {58EE6A6D-42A2-4CB3-AF6A-0803E625F22A}
	EndGlobalSection
EndGlobal
